// !$*UTF8*$!
{
	archiveVersion = 1;
	classes = {
	};
	objectVersion = 50;
	objects = {

/* Begin PBXBuildFile section */
		4C44F35F24BF6A4E003DE9CF /* TableViewCellViewModel.swift in Sources */ = {isa = PBXBuildFile; fileRef = 4C44F35E24BF6A4D003DE9CF /* TableViewCellViewModel.swift */; };
		4C44F36224BF6A76003DE9CF /* Paintings.swift in Sources */ = {isa = PBXBuildFile; fileRef = 4C44F36124BF6A76003DE9CF /* Paintings.swift */; };
		4C5AD9BF24B62FDA00AFF17A /* AppDelegate.swift in Sources */ = {isa = PBXBuildFile; fileRef = 4C5AD9BE24B62FDA00AFF17A /* AppDelegate.swift */; };
		4C5AD9C124B62FDA00AFF17A /* TableViewController.swift in Sources */ = {isa = PBXBuildFile; fileRef = 4C5AD9C024B62FDA00AFF17A /* TableViewController.swift */; };
		4C5AD9C424B62FDA00AFF17A /* Main.storyboard in Resources */ = {isa = PBXBuildFile; fileRef = 4C5AD9C224B62FDA00AFF17A /* Main.storyboard */; };
		4C5AD9C624B62FDC00AFF17A /* Assets.xcassets in Resources */ = {isa = PBXBuildFile; fileRef = 4C5AD9C524B62FDC00AFF17A /* Assets.xcassets */; };
		4C5AD9C924B62FDC00AFF17A /* LaunchScreen.storyboard in Resources */ = {isa = PBXBuildFile; fileRef = 4C5AD9C724B62FDC00AFF17A /* LaunchScreen.storyboard */; };
		4C5AD9D424B62FDC00AFF17A /* MyApplicationTests.swift in Sources */ = {isa = PBXBuildFile; fileRef = 4C5AD9D324B62FDC00AFF17A /* MyApplicationTests.swift */; };
		4C5AD9DF24B62FDC00AFF17A /* MyApplicationUITests.swift in Sources */ = {isa = PBXBuildFile; fileRef = 4C5AD9DE24B62FDC00AFF17A /* MyApplicationUITests.swift */; };
		4C5AD9ED24B637D900AFF17A /* TableViewModel.swift in Sources */ = {isa = PBXBuildFile; fileRef = 4C5AD9EC24B637D900AFF17A /* TableViewModel.swift */; };
		4CF3EEFC24BCCE12001E0112 /* TableViewCell.swift in Sources */ = {isa = PBXBuildFile; fileRef = 4CF3EEFB24BCCE12001E0112 /* TableViewCell.swift */; };
		A09CDE6224DE70BB00A18486 /* DetailsViewController.swift in Sources */ = {isa = PBXBuildFile; fileRef = A09CDE6124DE70BB00A18486 /* DetailsViewController.swift */; };
/* End PBXBuildFile section */

/* Begin PBXContainerItemProxy section */
		4C5AD9D024B62FDC00AFF17A /* PBXContainerItemProxy */ = {
			isa = PBXContainerItemProxy;
			containerPortal = 4C5AD9B324B62FDA00AFF17A /* Project object */;
			proxyType = 1;
			remoteGlobalIDString = 4C5AD9BA24B62FDA00AFF17A;
			remoteInfo = MyApplication;
		};
		4C5AD9DB24B62FDC00AFF17A /* PBXContainerItemProxy */ = {
			isa = PBXContainerItemProxy;
			containerPortal = 4C5AD9B324B62FDA00AFF17A /* Project object */;
			proxyType = 1;
			remoteGlobalIDString = 4C5AD9BA24B62FDA00AFF17A;
			remoteInfo = MyApplication;
		};
/* End PBXContainerItemProxy section */

/* Begin PBXFileReference section */
		4C44F35E24BF6A4D003DE9CF /* TableViewCellViewModel.swift */ = {isa = PBXFileReference; lastKnownFileType = sourcecode.swift; path = TableViewCellViewModel.swift; sourceTree = "<group>"; };
		4C44F36124BF6A76003DE9CF /* Paintings.swift */ = {isa = PBXFileReference; lastKnownFileType = sourcecode.swift; path = Paintings.swift; sourceTree = "<group>"; };
		4C5AD9BB24B62FDA00AFF17A /* FamousPaintings.app */ = {isa = PBXFileReference; explicitFileType = wrapper.application; includeInIndex = 0; path = FamousPaintings.app; sourceTree = BUILT_PRODUCTS_DIR; };
		4C5AD9BE24B62FDA00AFF17A /* AppDelegate.swift */ = {isa = PBXFileReference; lastKnownFileType = sourcecode.swift; path = AppDelegate.swift; sourceTree = "<group>"; };
		4C5AD9C024B62FDA00AFF17A /* TableViewController.swift */ = {isa = PBXFileReference; lastKnownFileType = sourcecode.swift; path = TableViewController.swift; sourceTree = "<group>"; };
		4C5AD9C324B62FDA00AFF17A /* Base */ = {isa = PBXFileReference; lastKnownFileType = file.storyboard; name = Base; path = Base.lproj/Main.storyboard; sourceTree = "<group>"; };
		4C5AD9C524B62FDC00AFF17A /* Assets.xcassets */ = {isa = PBXFileReference; lastKnownFileType = folder.assetcatalog; path = Assets.xcassets; sourceTree = "<group>"; };
		4C5AD9C824B62FDC00AFF17A /* Base */ = {isa = PBXFileReference; lastKnownFileType = file.storyboard; name = Base; path = Base.lproj/LaunchScreen.storyboard; sourceTree = "<group>"; };
		4C5AD9CA24B62FDC00AFF17A /* Info.plist */ = {isa = PBXFileReference; lastKnownFileType = text.plist.xml; path = Info.plist; sourceTree = "<group>"; };
		4C5AD9CF24B62FDC00AFF17A /* FamousPaintingsTests.xctest */ = {isa = PBXFileReference; explicitFileType = wrapper.cfbundle; includeInIndex = 0; path = FamousPaintingsTests.xctest; sourceTree = BUILT_PRODUCTS_DIR; };
		4C5AD9D324B62FDC00AFF17A /* MyApplicationTests.swift */ = {isa = PBXFileReference; lastKnownFileType = sourcecode.swift; path = MyApplicationTests.swift; sourceTree = "<group>"; };
		4C5AD9D524B62FDC00AFF17A /* Info.plist */ = {isa = PBXFileReference; lastKnownFileType = text.plist.xml; path = Info.plist; sourceTree = "<group>"; };
		4C5AD9DA24B62FDC00AFF17A /* FamousPaintingsUITests.xctest */ = {isa = PBXFileReference; explicitFileType = wrapper.cfbundle; includeInIndex = 0; path = FamousPaintingsUITests.xctest; sourceTree = BUILT_PRODUCTS_DIR; };
		4C5AD9DE24B62FDC00AFF17A /* MyApplicationUITests.swift */ = {isa = PBXFileReference; lastKnownFileType = sourcecode.swift; path = MyApplicationUITests.swift; sourceTree = "<group>"; };
		4C5AD9E024B62FDC00AFF17A /* Info.plist */ = {isa = PBXFileReference; lastKnownFileType = text.plist.xml; path = Info.plist; sourceTree = "<group>"; };
		4C5AD9EC24B637D900AFF17A /* TableViewModel.swift */ = {isa = PBXFileReference; lastKnownFileType = sourcecode.swift; path = TableViewModel.swift; sourceTree = "<group>"; };
		4CF3EEFB24BCCE12001E0112 /* TableViewCell.swift */ = {isa = PBXFileReference; lastKnownFileType = sourcecode.swift; path = TableViewCell.swift; sourceTree = "<group>"; };
		A09CDE6124DE70BB00A18486 /* DetailsViewController.swift */ = {isa = PBXFileReference; lastKnownFileType = sourcecode.swift; path = DetailsViewController.swift; sourceTree = "<group>"; };
/* End PBXFileReference section */

/* Begin PBXFrameworksBuildPhase section */
		4C5AD9B824B62FDA00AFF17A /* Frameworks */ = {
			isa = PBXFrameworksBuildPhase;
			buildActionMask = 2147483647;
			files = (
			);
			runOnlyForDeploymentPostprocessing = 0;
		};
		4C5AD9CC24B62FDC00AFF17A /* Frameworks */ = {
			isa = PBXFrameworksBuildPhase;
			buildActionMask = 2147483647;
			files = (
			);
			runOnlyForDeploymentPostprocessing = 0;
		};
		4C5AD9D724B62FDC00AFF17A /* Frameworks */ = {
			isa = PBXFrameworksBuildPhase;
			buildActionMask = 2147483647;
			files = (
			);
			runOnlyForDeploymentPostprocessing = 0;
		};
/* End PBXFrameworksBuildPhase section */

/* Begin PBXGroup section */
		4C44F36024BF6A65003DE9CF /* Models */ = {
			isa = PBXGroup;
			children = (
				4C44F36124BF6A76003DE9CF /* Paintings.swift */,
				A09CDE6124DE70BB00A18486 /* DetailsViewController.swift */,
			);
			path = Models;
			sourceTree = "<group>";
		};
		4C5AD9B224B62FDA00AFF17A = {
			isa = PBXGroup;
			children = (
				4C5AD9BD24B62FDA00AFF17A /* FamousPaintings */,
				4C5AD9D224B62FDC00AFF17A /* FamousPaintingsTests */,
				4C5AD9DD24B62FDC00AFF17A /* FamousPaintingsUITests */,
				4C5AD9BC24B62FDA00AFF17A /* Products */,
			);
			sourceTree = "<group>";
		};
		4C5AD9BC24B62FDA00AFF17A /* Products */ = {
			isa = PBXGroup;
			children = (
				4C5AD9BB24B62FDA00AFF17A /* FamousPaintings.app */,
				4C5AD9CF24B62FDC00AFF17A /* FamousPaintingsTests.xctest */,
				4C5AD9DA24B62FDC00AFF17A /* FamousPaintingsUITests.xctest */,
			);
			name = Products;
			sourceTree = "<group>";
		};
		4C5AD9BD24B62FDA00AFF17A /* FamousPaintings */ = {
			isa = PBXGroup;
			children = (
				4C44F36024BF6A65003DE9CF /* Models */,
				4CF3EEFA24BCCD9E001E0112 /* MainTableView */,
				4C5AD9BE24B62FDA00AFF17A /* AppDelegate.swift */,
				4C5AD9C224B62FDA00AFF17A /* Main.storyboard */,
				4C5AD9C524B62FDC00AFF17A /* Assets.xcassets */,
				4C5AD9C724B62FDC00AFF17A /* LaunchScreen.storyboard */,
				4C5AD9CA24B62FDC00AFF17A /* Info.plist */,
			);
			path = FamousPaintings;
			sourceTree = "<group>";
		};
		4C5AD9D224B62FDC00AFF17A /* FamousPaintingsTests */ = {
			isa = PBXGroup;
			children = (
				4C5AD9D324B62FDC00AFF17A /* MyApplicationTests.swift */,
				4C5AD9D524B62FDC00AFF17A /* Info.plist */,
			);
			path = FamousPaintingsTests;
			sourceTree = "<group>";
		};
		4C5AD9DD24B62FDC00AFF17A /* FamousPaintingsUITests */ = {
			isa = PBXGroup;
			children = (
				4C5AD9DE24B62FDC00AFF17A /* MyApplicationUITests.swift */,
				4C5AD9E024B62FDC00AFF17A /* Info.plist */,
			);
			path = FamousPaintingsUITests;
			sourceTree = "<group>";
		};
		4CF3EEFA24BCCD9E001E0112 /* MainTableView */ = {
			isa = PBXGroup;
			children = (
				4C5AD9EC24B637D900AFF17A /* TableViewModel.swift */,
				4C44F35E24BF6A4D003DE9CF /* TableViewCellViewModel.swift */,
				4C5AD9C024B62FDA00AFF17A /* TableViewController.swift */,
				4CF3EEFB24BCCE12001E0112 /* TableViewCell.swift */,
			);
			path = MainTableView;
			sourceTree = "<group>";
		};
/* End PBXGroup section */

/* Begin PBXNativeTarget section */
		4C5AD9BA24B62FDA00AFF17A /* FamousPaintings */ = {
			isa = PBXNativeTarget;
			buildConfigurationList = 4C5AD9E324B62FDC00AFF17A /* Build configuration list for PBXNativeTarget "FamousPaintings" */;
			buildPhases = (
				4C5AD9B724B62FDA00AFF17A /* Sources */,
				4C5AD9B824B62FDA00AFF17A /* Frameworks */,
				4C5AD9B924B62FDA00AFF17A /* Resources */,
			);
			buildRules = (
			);
			dependencies = (
			);
			name = FamousPaintings;
			productName = MyApplication;
			productReference = 4C5AD9BB24B62FDA00AFF17A /* FamousPaintings.app */;
			productType = "com.apple.product-type.application";
		};
		4C5AD9CE24B62FDC00AFF17A /* FamousPaintingsTests */ = {
			isa = PBXNativeTarget;
			buildConfigurationList = 4C5AD9E624B62FDC00AFF17A /* Build configuration list for PBXNativeTarget "FamousPaintingsTests" */;
			buildPhases = (
				4C5AD9CB24B62FDC00AFF17A /* Sources */,
				4C5AD9CC24B62FDC00AFF17A /* Frameworks */,
				4C5AD9CD24B62FDC00AFF17A /* Resources */,
			);
			buildRules = (
			);
			dependencies = (
				4C5AD9D124B62FDC00AFF17A /* PBXTargetDependency */,
			);
			name = FamousPaintingsTests;
			productName = MyApplicationTests;
			productReference = 4C5AD9CF24B62FDC00AFF17A /* FamousPaintingsTests.xctest */;
			productType = "com.apple.product-type.bundle.unit-test";
		};
		4C5AD9D924B62FDC00AFF17A /* FamousPaintingsUITests */ = {
			isa = PBXNativeTarget;
			buildConfigurationList = 4C5AD9E924B62FDC00AFF17A /* Build configuration list for PBXNativeTarget "FamousPaintingsUITests" */;
			buildPhases = (
				4C5AD9D624B62FDC00AFF17A /* Sources */,
				4C5AD9D724B62FDC00AFF17A /* Frameworks */,
				4C5AD9D824B62FDC00AFF17A /* Resources */,
			);
			buildRules = (
			);
			dependencies = (
				4C5AD9DC24B62FDC00AFF17A /* PBXTargetDependency */,
			);
			name = FamousPaintingsUITests;
			productName = MyApplicationUITests;
			productReference = 4C5AD9DA24B62FDC00AFF17A /* FamousPaintingsUITests.xctest */;
			productType = "com.apple.product-type.bundle.ui-testing";
		};
/* End PBXNativeTarget section */

/* Begin PBXProject section */
		4C5AD9B324B62FDA00AFF17A /* Project object */ = {
			isa = PBXProject;
			attributes = {
				LastSwiftUpdateCheck = 1000;
				LastUpgradeCheck = 1000;
				ORGANIZATIONNAME = epita;
				TargetAttributes = {
					4C5AD9BA24B62FDA00AFF17A = {
						CreatedOnToolsVersion = 10.0;
					};
					4C5AD9CE24B62FDC00AFF17A = {
						CreatedOnToolsVersion = 10.0;
						TestTargetID = 4C5AD9BA24B62FDA00AFF17A;
					};
					4C5AD9D924B62FDC00AFF17A = {
						CreatedOnToolsVersion = 10.0;
						TestTargetID = 4C5AD9BA24B62FDA00AFF17A;
					};
				};
			};
			buildConfigurationList = 4C5AD9B624B62FDA00AFF17A /* Build configuration list for PBXProject "FamousPaintings" */;
			compatibilityVersion = "Xcode 9.3";
			developmentRegion = en;
			hasScannedForEncodings = 0;
			knownRegions = (
				en,
				Base,
			);
			mainGroup = 4C5AD9B224B62FDA00AFF17A;
			productRefGroup = 4C5AD9BC24B62FDA00AFF17A /* Products */;
			projectDirPath = "";
			projectRoot = "";
			targets = (
				4C5AD9BA24B62FDA00AFF17A /* FamousPaintings */,
				4C5AD9CE24B62FDC00AFF17A /* FamousPaintingsTests */,
				4C5AD9D924B62FDC00AFF17A /* FamousPaintingsUITests */,
			);
		};
/* End PBXProject section */

/* Begin PBXResourcesBuildPhase section */
		4C5AD9B924B62FDA00AFF17A /* Resources */ = {
			isa = PBXResourcesBuildPhase;
			buildActionMask = 2147483647;
			files = (
				4C5AD9C924B62FDC00AFF17A /* LaunchScreen.storyboard in Resources */,
				4C5AD9C624B62FDC00AFF17A /* Assets.xcassets in Resources */,
				4C5AD9C424B62FDA00AFF17A /* Main.storyboard in Resources */,
			);
			runOnlyForDeploymentPostprocessing = 0;
		};
		4C5AD9CD24B62FDC00AFF17A /* Resources */ = {
			isa = PBXResourcesBuildPhase;
			buildActionMask = 2147483647;
			files = (
			);
			runOnlyForDeploymentPostprocessing = 0;
		};
		4C5AD9D824B62FDC00AFF17A /* Resources */ = {
			isa = PBXResourcesBuildPhase;
			buildActionMask = 2147483647;
			files = (
			);
			runOnlyForDeploymentPostprocessing = 0;
		};
/* End PBXResourcesBuildPhase section */

/* Begin PBXSourcesBuildPhase section */
		4C5AD9B724B62FDA00AFF17A /* Sources */ = {
			isa = PBXSourcesBuildPhase;
			buildActionMask = 2147483647;
			files = (
				4C44F35F24BF6A4E003DE9CF /* TableViewCellViewModel.swift in Sources */,
				4C44F36224BF6A76003DE9CF /* Paintings.swift in Sources */,
				4C5AD9ED24B637D900AFF17A /* TableViewModel.swift in Sources */,
				4CF3EEFC24BCCE12001E0112 /* TableViewCell.swift in Sources */,
				A09CDE6224DE70BB00A18486 /* DetailsViewController.swift in Sources */,
				4C5AD9C124B62FDA00AFF17A /* TableViewController.swift in Sources */,
				4C5AD9BF24B62FDA00AFF17A /* AppDelegate.swift in Sources */,
			);
			runOnlyForDeploymentPostprocessing = 0;
		};
		4C5AD9CB24B62FDC00AFF17A /* Sources */ = {
			isa = PBXSourcesBuildPhase;
			buildActionMask = 2147483647;
			files = (
				4C5AD9D424B62FDC00AFF17A /* MyApplicationTests.swift in Sources */,
			);
			runOnlyForDeploymentPostprocessing = 0;
		};
		4C5AD9D624B62FDC00AFF17A /* Sources */ = {
			isa = PBXSourcesBuildPhase;
			buildActionMask = 2147483647;
			files = (
				4C5AD9DF24B62FDC00AFF17A /* MyApplicationUITests.swift in Sources */,
			);
			runOnlyForDeploymentPostprocessing = 0;
		};
/* End PBXSourcesBuildPhase section */

/* Begin PBXTargetDependency section */
		4C5AD9D124B62FDC00AFF17A /* PBXTargetDependency */ = {
			isa = PBXTargetDependency;
			target = 4C5AD9BA24B62FDA00AFF17A /* FamousPaintings */;
			targetProxy = 4C5AD9D024B62FDC00AFF17A /* PBXContainerItemProxy */;
		};
		4C5AD9DC24B62FDC00AFF17A /* PBXTargetDependency */ = {
			isa = PBXTargetDependency;
			target = 4C5AD9BA24B62FDA00AFF17A /* FamousPaintings */;
			targetProxy = 4C5AD9DB24B62FDC00AFF17A /* PBXContainerItemProxy */;
		};
/* End PBXTargetDependency section */

/* Begin PBXVariantGroup section */
		4C5AD9C224B62FDA00AFF17A /* Main.storyboard */ = {
			isa = PBXVariantGroup;
			children = (
				4C5AD9C324B62FDA00AFF17A /* Base */,
			);
			name = Main.storyboard;
			sourceTree = "<group>";
		};
		4C5AD9C724B62FDC00AFF17A /* LaunchScreen.storyboard */ = {
			isa = PBXVariantGroup;
			children = (
				4C5AD9C824B62FDC00AFF17A /* Base */,
			);
			name = LaunchScreen.storyboard;
			sourceTree = "<group>";
		};
/* End PBXVariantGroup section */

/* Begin XCBuildConfiguration section */
		4C5AD9E124B62FDC00AFF17A /* Debug */ = {
			isa = XCBuildConfiguration;
			buildSettings = {
				ALWAYS_SEARCH_USER_PATHS = NO;
				CLANG_ANALYZER_NONNULL = YES;
				CLANG_ANALYZER_NUMBER_OBJECT_CONVERSION = YES_AGGRESSIVE;
				CLANG_CXX_LANGUAGE_STANDARD = "gnu++14";
				CLANG_CXX_LIBRARY = "libc++";
				CLANG_ENABLE_MODULES = YES;
				CLANG_ENABLE_OBJC_ARC = YES;
				CLANG_ENABLE_OBJC_WEAK = YES;
				CLANG_WARN_BLOCK_CAPTURE_AUTORELEASING = YES;
				CLANG_WARN_BOOL_CONVERSION = YES;
				CLANG_WARN_COMMA = YES;
				CLANG_WARN_CONSTANT_CONVERSION = YES;
				CLANG_WARN_DEPRECATED_OBJC_IMPLEMENTATIONS = YES;
				CLANG_WARN_DIRECT_OBJC_ISA_USAGE = YES_ERROR;
				CLANG_WARN_DOCUMENTATION_COMMENTS = YES;
				CLANG_WARN_EMPTY_BODY = YES;
				CLANG_WARN_ENUM_CONVERSION = YES;
				CLANG_WARN_INFINITE_RECURSION = YES;
				CLANG_WARN_INT_CONVERSION = YES;
				CLANG_WARN_NON_LITERAL_NULL_CONVERSION = YES;
				CLANG_WARN_OBJC_IMPLICIT_RETAIN_SELF = YES;
				CLANG_WARN_OBJC_LITERAL_CONVERSION = YES;
				CLANG_WARN_OBJC_ROOT_CLASS = YES_ERROR;
				CLANG_WARN_RANGE_LOOP_ANALYSIS = YES;
				CLANG_WARN_STRICT_PROTOTYPES = YES;
				CLANG_WARN_SUSPICIOUS_MOVE = YES;
				CLANG_WARN_UNGUARDED_AVAILABILITY = YES_AGGRESSIVE;
				CLANG_WARN_UNREACHABLE_CODE = YES;
				CLANG_WARN__DUPLICATE_METHOD_MATCH = YES;
				CODE_SIGN_IDENTITY = "iPhone Developer";
				COPY_PHASE_STRIP = NO;
				DEBUG_INFORMATION_FORMAT = dwarf;
				ENABLE_STRICT_OBJC_MSGSEND = YES;
				ENABLE_TESTABILITY = YES;
				GCC_C_LANGUAGE_STANDARD = gnu11;
				GCC_DYNAMIC_NO_PIC = NO;
				GCC_NO_COMMON_BLOCKS = YES;
				GCC_OPTIMIZATION_LEVEL = 0;
				GCC_PREPROCESSOR_DEFINITIONS = (
					"DEBUG=1",
					"$(inherited)",
				);
				GCC_WARN_64_TO_32_BIT_CONVERSION = YES;
				GCC_WARN_ABOUT_RETURN_TYPE = YES_ERROR;
				GCC_WARN_UNDECLARED_SELECTOR = YES;
				GCC_WARN_UNINITIALIZED_AUTOS = YES_AGGRESSIVE;
				GCC_WARN_UNUSED_FUNCTION = YES;
				GCC_WARN_UNUSED_VARIABLE = YES;
				IPHONEOS_DEPLOYMENT_TARGET = 12.0;
				MTL_ENABLE_DEBUG_INFO = INCLUDE_SOURCE;
				MTL_FAST_MATH = YES;
				ONLY_ACTIVE_ARCH = YES;
				SDKROOT = iphoneos;
				SWIFT_ACTIVE_COMPILATION_CONDITIONS = DEBUG;
				SWIFT_OPTIMIZATION_LEVEL = "-Onone";
			};
			name = Debug;
		};
		4C5AD9E224B62FDC00AFF17A /* Release */ = {
			isa = XCBuildConfiguration;
			buildSettings = {
				ALWAYS_SEARCH_USER_PATHS = NO;
				CLANG_ANALYZER_NONNULL = YES;
				CLANG_ANALYZER_NUMBER_OBJECT_CONVERSION = YES_AGGRESSIVE;
				CLANG_CXX_LANGUAGE_STANDARD = "gnu++14";
				CLANG_CXX_LIBRARY = "libc++";
				CLANG_ENABLE_MODULES = YES;
				CLANG_ENABLE_OBJC_ARC = YES;
				CLANG_ENABLE_OBJC_WEAK = YES;
				CLANG_WARN_BLOCK_CAPTURE_AUTORELEASING = YES;
				CLANG_WARN_BOOL_CONVERSION = YES;
				CLANG_WARN_COMMA = YES;
				CLANG_WARN_CONSTANT_CONVERSION = YES;
				CLANG_WARN_DEPRECATED_OBJC_IMPLEMENTATIONS = YES;
				CLANG_WARN_DIRECT_OBJC_ISA_USAGE = YES_ERROR;
				CLANG_WARN_DOCUMENTATION_COMMENTS = YES;
				CLANG_WARN_EMPTY_BODY = YES;
				CLANG_WARN_ENUM_CONVERSION = YES;
				CLANG_WARN_INFINITE_RECURSION = YES;
				CLANG_WARN_INT_CONVERSION = YES;
				CLANG_WARN_NON_LITERAL_NULL_CONVERSION = YES;
				CLANG_WARN_OBJC_IMPLICIT_RETAIN_SELF = YES;
				CLANG_WARN_OBJC_LITERAL_CONVERSION = YES;
				CLANG_WARN_OBJC_ROOT_CLASS = YES_ERROR;
				CLANG_WARN_RANGE_LOOP_ANALYSIS = YES;
				CLANG_WARN_STRICT_PROTOTYPES = YES;
				CLANG_WARN_SUSPICIOUS_MOVE = YES;
				CLANG_WARN_UNGUARDED_AVAILABILITY = YES_AGGRESSIVE;
				CLANG_WARN_UNREACHABLE_CODE = YES;
				CLANG_WARN__DUPLICATE_METHOD_MATCH = YES;
				CODE_SIGN_IDENTITY = "iPhone Developer";
				COPY_PHASE_STRIP = NO;
				DEBUG_INFORMATION_FORMAT = "dwarf-with-dsym";
				ENABLE_NS_ASSERTIONS = NO;
				ENABLE_STRICT_OBJC_MSGSEND = YES;
				GCC_C_LANGUAGE_STANDARD = gnu11;
				GCC_NO_COMMON_BLOCKS = YES;
				GCC_WARN_64_TO_32_BIT_CONVERSION = YES;
				GCC_WARN_ABOUT_RETURN_TYPE = YES_ERROR;
				GCC_WARN_UNDECLARED_SELECTOR = YES;
				GCC_WARN_UNINITIALIZED_AUTOS = YES_AGGRESSIVE;
				GCC_WARN_UNUSED_FUNCTION = YES;
				GCC_WARN_UNUSED_VARIABLE = YES;
				IPHONEOS_DEPLOYMENT_TARGET = 12.0;
				MTL_ENABLE_DEBUG_INFO = NO;
				MTL_FAST_MATH = YES;
				SDKROOT = iphoneos;
				SWIFT_COMPILATION_MODE = wholemodule;
				SWIFT_OPTIMIZATION_LEVEL = "-O";
				VALIDATE_PRODUCT = YES;
			};
			name = Release;
		};
		4C5AD9E424B62FDC00AFF17A /* Debug */ = {
			isa = XCBuildConfiguration;
			buildSettings = {
				ASSETCATALOG_COMPILER_APPICON_NAME = AppIcon;
				CODE_SIGN_STYLE = Automatic;
				INFOPLIST_FILE = "$(SRCROOT)/FamousPaintings/Info.plist";
				LD_RUNPATH_SEARCH_PATHS = (
					"$(inherited)",
					"@executable_path/Frameworks",
				);
				PRODUCT_BUNDLE_IDENTIFIER = fr.epita.ios.FamousPaintings;
				PRODUCT_NAME = "$(TARGET_NAME)";
				SWIFT_VERSION = 4.2;
				TARGETED_DEVICE_FAMILY = "1,2";
			};
			name = Debug;
		};
		4C5AD9E524B62FDC00AFF17A /* Release */ = {
			isa = XCBuildConfiguration;
			buildSettings = {
				ASSETCATALOG_COMPILER_APPICON_NAME = AppIcon;
				CODE_SIGN_STYLE = Automatic;
				INFOPLIST_FILE = "$(SRCROOT)/FamousPaintings/Info.plist";
				LD_RUNPATH_SEARCH_PATHS = (
					"$(inherited)",
					"@executable_path/Frameworks",
				);
				PRODUCT_BUNDLE_IDENTIFIER = fr.epita.ios.FamousPaintings;
				PRODUCT_NAME = "$(TARGET_NAME)";
				SWIFT_VERSION = 4.2;
				TARGETED_DEVICE_FAMILY = "1,2";
			};
			name = Release;
		};
		4C5AD9E724B62FDC00AFF17A /* Debug */ = {
			isa = XCBuildConfiguration;
			buildSettings = {
				ALWAYS_EMBED_SWIFT_STANDARD_LIBRARIES = YES;
				BUNDLE_LOADER = "$(TEST_HOST)";
				CODE_SIGN_STYLE = Automatic;
				INFOPLIST_FILE = MyApplicationTests/Info.plist;
				LD_RUNPATH_SEARCH_PATHS = (
					"$(inherited)",
					"@executable_path/Frameworks",
					"@loader_path/Frameworks",
				);
				PRODUCT_BUNDLE_IDENTIFIER = fr.epita.ios.MyApplicationTests;
				PRODUCT_NAME = "$(TARGET_NAME)";
				SWIFT_VERSION = 4.2;
				TARGETED_DEVICE_FAMILY = "1,2";
				TEST_HOST = "$(BUILT_PRODUCTS_DIR)/FamousPaintings.app/FamousPaintings";
			};
			name = Debug;
		};
		4C5AD9E824B62FDC00AFF17A /* Release */ = {
			isa = XCBuildConfiguration;
			buildSettings = {
				ALWAYS_EMBED_SWIFT_STANDARD_LIBRARIES = YES;
				BUNDLE_LOADER = "$(TEST_HOST)";
				CODE_SIGN_STYLE = Automatic;
				INFOPLIST_FILE = MyApplicationTests/Info.plist;
				LD_RUNPATH_SEARCH_PATHS = (
					"$(inherited)",
					"@executable_path/Frameworks",
					"@loader_path/Frameworks",
				);
				PRODUCT_BUNDLE_IDENTIFIER = fr.epita.ios.MyApplicationTests;
				PRODUCT_NAME = "$(TARGET_NAME)";
				SWIFT_VERSION = 4.2;
				TARGETED_DEVICE_FAMILY = "1,2";
				TEST_HOST = "$(BUILT_PRODUCTS_DIR)/FamousPaintings.app/FamousPaintings";
			};
			name = Release;
		};
		4C5AD9EA24B62FDC00AFF17A /* Debug */ = {
			isa = XCBuildConfiguration;
			buildSettings = {
				ALWAYS_EMBED_SWIFT_STANDARD_LIBRARIES = YES;
				CODE_SIGN_STYLE = Automatic;
				INFOPLIST_FILE = MyApplicationUITests/Info.plist;
				LD_RUNPATH_SEARCH_PATHS = (
					"$(inherited)",
					"@executable_path/Frameworks",
					"@loader_path/Frameworks",
				);
				PRODUCT_BUNDLE_IDENTIFIER = fr.epita.ios.MyApplicationUITests;
				PRODUCT_NAME = "$(TARGET_NAME)";
				SWIFT_VERSION = 4.2;
				TARGETED_DEVICE_FAMILY = "1,2";
				TEST_TARGET_NAME = MyApplication;
			};
			name = Debug;
		};
		4C5AD9EB24B62FDC00AFF17A /* Release */ = {
			isa = XCBuildConfiguration;
			buildSettings = {
				ALWAYS_EMBED_SWIFT_STANDARD_LIBRARIES = YES;
				CODE_SIGN_STYLE = Automatic;
				INFOPLIST_FILE = MyApplicationUITests/Info.plist;
				LD_RUNPATH_SEARCH_PATHS = (
					"$(inherited)",
					"@executable_path/Frameworks",
					"@loader_path/Frameworks",
				);
				PRODUCT_BUNDLE_IDENTIFIER = fr.epita.ios.MyApplicationUITests;
				PRODUCT_NAME = "$(TARGET_NAME)";
				SWIFT_VERSION = 4.2;
				TARGETED_DEVICE_FAMILY = "1,2";
				TEST_TARGET_NAME = MyApplication;
			};
			name = Release;
		};
/* End XCBuildConfiguration section */

/* Begin XCConfigurationList section */
		4C5AD9B624B62FDA00AFF17A /* Build configuration list for PBXProject "FamousPaintings" */ = {
			isa = XCConfigurationList;
			buildConfigurations = (
				4C5AD9E124B62FDC00AFF17A /* Debug */,
				4C5AD9E224B62FDC00AFF17A /* Release */,
			);
			defaultConfigurationIsVisible = 0;
			defaultConfigurationName = Release;
		};
		4C5AD9E324B62FDC00AFF17A /* Build configuration list for PBXNativeTarget "FamousPaintings" */ = {
			isa = XCConfigurationList;
			buildConfigurations = (
				4C5AD9E424B62FDC00AFF17A /* Debug */,
				4C5AD9E524B62FDC00AFF17A /* Release */,
			);
			defaultConfigurationIsVisible = 0;
			defaultConfigurationName = Release;
		};
		4C5AD9E624B62FDC00AFF17A /* Build configuration list for PBXNativeTarget "FamousPaintingsTests" */ = {
			isa = XCConfigurationList;
			buildConfigurations = (
				4C5AD9E724B62FDC00AFF17A /* Debug */,
				4C5AD9E824B62FDC00AFF17A /* Release */,
			);
			defaultConfigurationIsVisible = 0;
			defaultConfigurationName = Release;
		};
		4C5AD9E924B62FDC00AFF17A /* Build configuration list for PBXNativeTarget "FamousPaintingsUITests" */ = {
			isa = XCConfigurationList;
			buildConfigurations = (
				4C5AD9EA24B62FDC00AFF17A /* Debug */,
				4C5AD9EB24B62FDC00AFF17A /* Release */,
			);
			defaultConfigurationIsVisible = 0;
			defaultConfigurationName = Release;
		};
/* End XCConfigurationList section */
	};
	rootObject = 4C5AD9B324B62FDA00AFF17A /* Project object */;
}
